// !$*UTF8*$!
{
	archiveVersion = 1;
	classes = {
	};
	objectVersion = 50;
	objects = {

/* Begin PBXBuildFile section */
		9363D770220E4ED800129387 /* AppDelegate.swift in Sources */ = {isa = PBXBuildFile; fileRef = 9363D76F220E4ED800129387 /* AppDelegate.swift */; };
		9363D772220E4ED800129387 /* NameViewController.swift in Sources */ = {isa = PBXBuildFile; fileRef = 9363D771220E4ED800129387 /* NameViewController.swift */; };
		9363D775220E4ED800129387 /* Main.storyboard in Resources */ = {isa = PBXBuildFile; fileRef = 9363D773220E4ED800129387 /* Main.storyboard */; };
		9363D777220E4ED900129387 /* Assets.xcassets in Resources */ = {isa = PBXBuildFile; fileRef = 9363D776220E4ED900129387 /* Assets.xcassets */; };
		9363D77A220E4ED900129387 /* LaunchScreen.storyboard in Resources */ = {isa = PBXBuildFile; fileRef = 9363D778220E4ED900129387 /* LaunchScreen.storyboard */; };
		9363D79F220E913600129387 /* Connectivity.swift in Sources */ = {isa = PBXBuildFile; fileRef = 9363D79E220E913600129387 /* Connectivity.swift */; };
		9363D7A1220E91F800129387 /* ConnectivityDelegate.swift in Sources */ = {isa = PBXBuildFile; fileRef = 9363D7A0220E91F800129387 /* ConnectivityDelegate.swift */; };
		9363D7A3220E9B1D00129387 /* DiscoverViewController.swift in Sources */ = {isa = PBXBuildFile; fileRef = 9363D7A2220E9B1D00129387 /* DiscoverViewController.swift */; };
		9363D7A5220EA10B00129387 /* UIViewController+AppDelegate.swift in Sources */ = {isa = PBXBuildFile; fileRef = 9363D7A4220EA10B00129387 /* UIViewController+AppDelegate.swift */; };
		9363D7AD220EA81800129387 /* QuestionsViewController.swift in Sources */ = {isa = PBXBuildFile; fileRef = 9363D7AC220EA81800129387 /* QuestionsViewController.swift */; };
		9363D7B8220EBA6700129387 /* Message.swift in Sources */ = {isa = PBXBuildFile; fileRef = 9363D7B7220EBA6700129387 /* Message.swift */; };
		9363D7BA220EBA9700129387 /* TriviaModel.swift in Sources */ = {isa = PBXBuildFile; fileRef = 9363D7B9220EBA9700129387 /* TriviaModel.swift */; };
		9363D7C1220EC04600129387 /* BebasNeue-Bold.ttf in Resources */ = {isa = PBXBuildFile; fileRef = 9363D7BE220EC04100129387 /* BebasNeue-Bold.ttf */; };
		9363D7C2220EC04900129387 /* BebasNeue-Book.ttf in Resources */ = {isa = PBXBuildFile; fileRef = 9363D7BC220EC04100129387 /* BebasNeue-Book.ttf */; };
		9363D7C3220EC04B00129387 /* BebasNeue-Light.ttf in Resources */ = {isa = PBXBuildFile; fileRef = 9363D7BD220EC04100129387 /* BebasNeue-Light.ttf */; };
		9363D7C4220EC04E00129387 /* BebasNeue-Regular.ttf in Resources */ = {isa = PBXBuildFile; fileRef = 9363D7C0220EC04200129387 /* BebasNeue-Regular.ttf */; };
		9363D7C5220EC05000129387 /* BebasNeue-Thin.ttf in Resources */ = {isa = PBXBuildFile; fileRef = 9363D7BF220EC04100129387 /* BebasNeue-Thin.ttf */; };
/* End PBXBuildFile section */

/* Begin PBXFileReference section */
		9363D76C220E4ED800129387 /* Trivbop Mobile.app */ = {isa = PBXFileReference; explicitFileType = wrapper.application; includeInIndex = 0; path = "Trivbop Mobile.app"; sourceTree = BUILT_PRODUCTS_DIR; };
		9363D76F220E4ED800129387 /* AppDelegate.swift */ = {isa = PBXFileReference; lastKnownFileType = sourcecode.swift; path = AppDelegate.swift; sourceTree = "<group>"; };
		9363D771220E4ED800129387 /* NameViewController.swift */ = {isa = PBXFileReference; lastKnownFileType = sourcecode.swift; path = NameViewController.swift; sourceTree = "<group>"; };
		9363D774220E4ED800129387 /* Base */ = {isa = PBXFileReference; lastKnownFileType = file.storyboard; name = Base; path = Base.lproj/Main.storyboard; sourceTree = "<group>"; };
		9363D776220E4ED900129387 /* Assets.xcassets */ = {isa = PBXFileReference; lastKnownFileType = folder.assetcatalog; path = Assets.xcassets; sourceTree = "<group>"; };
		9363D779220E4ED900129387 /* Base */ = {isa = PBXFileReference; lastKnownFileType = file.storyboard; name = Base; path = Base.lproj/LaunchScreen.storyboard; sourceTree = "<group>"; };
		9363D77B220E4ED900129387 /* Info.plist */ = {isa = PBXFileReference; lastKnownFileType = text.plist.xml; path = Info.plist; sourceTree = "<group>"; };
		9363D79E220E913600129387 /* Connectivity.swift */ = {isa = PBXFileReference; lastKnownFileType = sourcecode.swift; path = Connectivity.swift; sourceTree = "<group>"; };
		9363D7A0220E91F800129387 /* ConnectivityDelegate.swift */ = {isa = PBXFileReference; lastKnownFileType = sourcecode.swift; path = ConnectivityDelegate.swift; sourceTree = "<group>"; };
		9363D7A2220E9B1D00129387 /* DiscoverViewController.swift */ = {isa = PBXFileReference; lastKnownFileType = sourcecode.swift; path = DiscoverViewController.swift; sourceTree = "<group>"; };
		9363D7A4220EA10B00129387 /* UIViewController+AppDelegate.swift */ = {isa = PBXFileReference; lastKnownFileType = sourcecode.swift; path = "UIViewController+AppDelegate.swift"; sourceTree = "<group>"; };
		9363D7AC220EA81800129387 /* QuestionsViewController.swift */ = {isa = PBXFileReference; lastKnownFileType = sourcecode.swift; name = QuestionsViewController.swift; path = "Trivbop Mobile/Controllers/QuestionsViewController.swift"; sourceTree = SOURCE_ROOT; };
		9363D7B7220EBA6700129387 /* Message.swift */ = {isa = PBXFileReference; lastKnownFileType = sourcecode.swift; path = Message.swift; sourceTree = "<group>"; };
		9363D7B9220EBA9700129387 /* TriviaModel.swift */ = {isa = PBXFileReference; lastKnownFileType = sourcecode.swift; path = TriviaModel.swift; sourceTree = "<group>"; };
		9363D7BC220EC04100129387 /* BebasNeue-Book.ttf */ = {isa = PBXFileReference; lastKnownFileType = file; path = "BebasNeue-Book.ttf"; sourceTree = "<group>"; };
		9363D7BD220EC04100129387 /* BebasNeue-Light.ttf */ = {isa = PBXFileReference; lastKnownFileType = file; path = "BebasNeue-Light.ttf"; sourceTree = "<group>"; };
		9363D7BE220EC04100129387 /* BebasNeue-Bold.ttf */ = {isa = PBXFileReference; lastKnownFileType = file; path = "BebasNeue-Bold.ttf"; sourceTree = "<group>"; };
		9363D7BF220EC04100129387 /* BebasNeue-Thin.ttf */ = {isa = PBXFileReference; lastKnownFileType = file; path = "BebasNeue-Thin.ttf"; sourceTree = "<group>"; };
		9363D7C0220EC04200129387 /* BebasNeue-Regular.ttf */ = {isa = PBXFileReference; lastKnownFileType = file; path = "BebasNeue-Regular.ttf"; sourceTree = "<group>"; };
/* End PBXFileReference section */

/* Begin PBXFrameworksBuildPhase section */
		9363D769220E4ED800129387 /* Frameworks */ = {
			isa = PBXFrameworksBuildPhase;
			buildActionMask = 2147483647;
			files = (
			);
			runOnlyForDeploymentPostprocessing = 0;
		};
/* End PBXFrameworksBuildPhase section */

/* Begin PBXGroup section */
		9363D763220E4ED800129387 = {
			isa = PBXGroup;
			children = (
				9363D76E220E4ED800129387 /* Trivbop Mobile */,
				9363D76D220E4ED800129387 /* Products */,
			);
			sourceTree = "<group>";
		};
		9363D76D220E4ED800129387 /* Products */ = {
			isa = PBXGroup;
			children = (
				9363D76C220E4ED800129387 /* Trivbop Mobile.app */,
			);
			name = Products;
			sourceTree = "<group>";
		};
		9363D76E220E4ED800129387 /* Trivbop Mobile */ = {
			isa = PBXGroup;
			children = (
				9363D7B6220EB9D800129387 /* Models */,
				9363D7AB220EA17100129387 /* Views */,
				9363D7AA220EA16000129387 /* Controllers */,
				9363D7A6220EA11700129387 /* Extensions */,
				9363D7A8220EA13600129387 /* Connections */,
				9363D77B220E4ED900129387 /* Info.plist */,
				9363D7A7220EA12200129387 /* Supporting Files */,
			);
			path = "Trivbop Mobile";
			sourceTree = "<group>";
		};
		9363D7A6220EA11700129387 /* Extensions */ = {
			isa = PBXGroup;
			children = (
				9363D7A4220EA10B00129387 /* UIViewController+AppDelegate.swift */,
			);
			path = Extensions;
			sourceTree = "<group>";
		};
		9363D7A7220EA12200129387 /* Supporting Files */ = {
			isa = PBXGroup;
			children = (
				9363D7BB220EC02700129387 /* Fonts */,
				9363D76F220E4ED800129387 /* AppDelegate.swift */,
				9363D776220E4ED900129387 /* Assets.xcassets */,
				9363D778220E4ED900129387 /* LaunchScreen.storyboard */,
			);
			path = "Supporting Files";
			sourceTree = "<group>";
		};
		9363D7A8220EA13600129387 /* Connections */ = {
			isa = PBXGroup;
			children = (
				9363D79E220E913600129387 /* Connectivity.swift */,
				9363D7A0220E91F800129387 /* ConnectivityDelegate.swift */,
			);
			path = Connections;
			sourceTree = "<group>";
		};
		9363D7AA220EA16000129387 /* Controllers */ = {
			isa = PBXGroup;
			children = (
				9363D7AC220EA81800129387 /* QuestionsViewController.swift */,
				9363D771220E4ED800129387 /* NameViewController.swift */,
				9363D7A2220E9B1D00129387 /* DiscoverViewController.swift */,
			);
			path = Controllers;
			sourceTree = "<group>";
		};
		9363D7AB220EA17100129387 /* Views */ = {
			isa = PBXGroup;
			children = (
				9363D773220E4ED800129387 /* Main.storyboard */,
			);
			path = Views;
			sourceTree = "<group>";
		};
		9363D7B6220EB9D800129387 /* Models */ = {
			isa = PBXGroup;
			children = (
				9363D7B7220EBA6700129387 /* Message.swift */,
				9363D7B9220EBA9700129387 /* TriviaModel.swift */,
			);
			path = Models;
			sourceTree = "<group>";
		};
		9363D7BB220EC02700129387 /* Fonts */ = {
			isa = PBXGroup;
			children = (
				9363D7BE220EC04100129387 /* BebasNeue-Bold.ttf */,
				9363D7BC220EC04100129387 /* BebasNeue-Book.ttf */,
				9363D7BD220EC04100129387 /* BebasNeue-Light.ttf */,
				9363D7C0220EC04200129387 /* BebasNeue-Regular.ttf */,
				9363D7BF220EC04100129387 /* BebasNeue-Thin.ttf */,
			);
			path = Fonts;
			sourceTree = "<group>";
		};
/* End PBXGroup section */

/* Begin PBXNativeTarget section */
		9363D76B220E4ED800129387 /* Trivbop Mobile */ = {
			isa = PBXNativeTarget;
			buildConfigurationList = 9363D77E220E4ED900129387 /* Build configuration list for PBXNativeTarget "Trivbop Mobile" */;
			buildPhases = (
				9363D768220E4ED800129387 /* Sources */,
				9363D769220E4ED800129387 /* Frameworks */,
				9363D76A220E4ED800129387 /* Resources */,
			);
			buildRules = (
			);
			dependencies = (
			);
			name = "Trivbop Mobile";
			productName = "Trivbop Mobile";
			productReference = 9363D76C220E4ED800129387 /* Trivbop Mobile.app */;
			productType = "com.apple.product-type.application";
		};
/* End PBXNativeTarget section */

/* Begin PBXProject section */
		9363D764220E4ED800129387 /* Project object */ = {
			isa = PBXProject;
			attributes = {
				LastSwiftUpdateCheck = 1010;
				LastUpgradeCheck = 1010;
				ORGANIZATIONNAME = CalvinHacks2019;
				TargetAttributes = {
					9363D76B220E4ED800129387 = {
						CreatedOnToolsVersion = 10.1;
					};
				};
			};
			buildConfigurationList = 9363D767220E4ED800129387 /* Build configuration list for PBXProject "Trivbop Mobile" */;
			compatibilityVersion = "Xcode 9.3";
			developmentRegion = en;
			hasScannedForEncodings = 0;
			knownRegions = (
				en,
				Base,
			);
			mainGroup = 9363D763220E4ED800129387;
			productRefGroup = 9363D76D220E4ED800129387 /* Products */;
			projectDirPath = "";
			projectRoot = "";
			targets = (
				9363D76B220E4ED800129387 /* Trivbop Mobile */,
			);
		};
/* End PBXProject section */

/* Begin PBXResourcesBuildPhase section */
		9363D76A220E4ED800129387 /* Resources */ = {
			isa = PBXResourcesBuildPhase;
			buildActionMask = 2147483647;
			files = (
				9363D7C5220EC05000129387 /* BebasNeue-Thin.ttf in Resources */,
				9363D7C3220EC04B00129387 /* BebasNeue-Light.ttf in Resources */,
				9363D77A220E4ED900129387 /* LaunchScreen.storyboard in Resources */,
				9363D7C4220EC04E00129387 /* BebasNeue-Regular.ttf in Resources */,
				9363D777220E4ED900129387 /* Assets.xcassets in Resources */,
				9363D7C2220EC04900129387 /* BebasNeue-Book.ttf in Resources */,
				9363D7C1220EC04600129387 /* BebasNeue-Bold.ttf in Resources */,
				9363D775220E4ED800129387 /* Main.storyboard in Resources */,
			);
			runOnlyForDeploymentPostprocessing = 0;
		};
/* End PBXResourcesBuildPhase section */

/* Begin PBXSourcesBuildPhase section */
		9363D768220E4ED800129387 /* Sources */ = {
			isa = PBXSourcesBuildPhase;
			buildActionMask = 2147483647;
			files = (
				9363D772220E4ED800129387 /* NameViewController.swift in Sources */,
				9363D7BA220EBA9700129387 /* TriviaModel.swift in Sources */,
				9363D7AD220EA81800129387 /* QuestionsViewController.swift in Sources */,
				9363D770220E4ED800129387 /* AppDelegate.swift in Sources */,
				9363D79F220E913600129387 /* Connectivity.swift in Sources */,
				9363D7A1220E91F800129387 /* ConnectivityDelegate.swift in Sources */,
				9363D7B8220EBA6700129387 /* Message.swift in Sources */,
				9363D7A3220E9B1D00129387 /* DiscoverViewController.swift in Sources */,
				9363D7A5220EA10B00129387 /* UIViewController+AppDelegate.swift in Sources */,
			);
			runOnlyForDeploymentPostprocessing = 0;
		};
/* End PBXSourcesBuildPhase section */

/* Begin PBXVariantGroup section */
		9363D773220E4ED800129387 /* Main.storyboard */ = {
			isa = PBXVariantGroup;
			children = (
				9363D774220E4ED800129387 /* Base */,
			);
			name = Main.storyboard;
			sourceTree = "<group>";
		};
		9363D778220E4ED900129387 /* LaunchScreen.storyboard */ = {
			isa = PBXVariantGroup;
			children = (
				9363D779220E4ED900129387 /* Base */,
			);
			name = LaunchScreen.storyboard;
			sourceTree = "<group>";
		};
/* End PBXVariantGroup section */

/* Begin XCBuildConfiguration section */
		9363D77C220E4ED900129387 /* Debug */ = {
			isa = XCBuildConfiguration;
			buildSettings = {
				ALWAYS_SEARCH_USER_PATHS = NO;
				CLANG_ANALYZER_NONNULL = YES;
				CLANG_ANALYZER_NUMBER_OBJECT_CONVERSION = YES_AGGRESSIVE;
				CLANG_CXX_LANGUAGE_STANDARD = "gnu++14";
				CLANG_CXX_LIBRARY = "libc++";
				CLANG_ENABLE_MODULES = YES;
				CLANG_ENABLE_OBJC_ARC = YES;
				CLANG_ENABLE_OBJC_WEAK = YES;
				CLANG_WARN_BLOCK_CAPTURE_AUTORELEASING = YES;
				CLANG_WARN_BOOL_CONVERSION = YES;
				CLANG_WARN_COMMA = YES;
				CLANG_WARN_CONSTANT_CONVERSION = YES;
				CLANG_WARN_DEPRECATED_OBJC_IMPLEMENTATIONS = YES;
				CLANG_WARN_DIRECT_OBJC_ISA_USAGE = YES_ERROR;
				CLANG_WARN_DOCUMENTATION_COMMENTS = YES;
				CLANG_WARN_EMPTY_BODY = YES;
				CLANG_WARN_ENUM_CONVERSION = YES;
				CLANG_WARN_INFINITE_RECURSION = YES;
				CLANG_WARN_INT_CONVERSION = YES;
				CLANG_WARN_NON_LITERAL_NULL_CONVERSION = YES;
				CLANG_WARN_OBJC_IMPLICIT_RETAIN_SELF = YES;
				CLANG_WARN_OBJC_LITERAL_CONVERSION = YES;
				CLANG_WARN_OBJC_ROOT_CLASS = YES_ERROR;
				CLANG_WARN_RANGE_LOOP_ANALYSIS = YES;
				CLANG_WARN_STRICT_PROTOTYPES = YES;
				CLANG_WARN_SUSPICIOUS_MOVE = YES;
				CLANG_WARN_UNGUARDED_AVAILABILITY = YES_AGGRESSIVE;
				CLANG_WARN_UNREACHABLE_CODE = YES;
				CLANG_WARN__DUPLICATE_METHOD_MATCH = YES;
				CODE_SIGN_IDENTITY = "iPhone Developer";
				COPY_PHASE_STRIP = NO;
				DEBUG_INFORMATION_FORMAT = dwarf;
				ENABLE_STRICT_OBJC_MSGSEND = YES;
				ENABLE_TESTABILITY = YES;
				GCC_C_LANGUAGE_STANDARD = gnu11;
				GCC_DYNAMIC_NO_PIC = NO;
				GCC_NO_COMMON_BLOCKS = YES;
				GCC_OPTIMIZATION_LEVEL = 0;
				GCC_PREPROCESSOR_DEFINITIONS = (
					"DEBUG=1",
					"$(inherited)",
				);
				GCC_WARN_64_TO_32_BIT_CONVERSION = YES;
				GCC_WARN_ABOUT_RETURN_TYPE = YES_ERROR;
				GCC_WARN_UNDECLARED_SELECTOR = YES;
				GCC_WARN_UNINITIALIZED_AUTOS = YES_AGGRESSIVE;
				GCC_WARN_UNUSED_FUNCTION = YES;
				GCC_WARN_UNUSED_VARIABLE = YES;
				IPHONEOS_DEPLOYMENT_TARGET = 12.1;
				MTL_ENABLE_DEBUG_INFO = INCLUDE_SOURCE;
				MTL_FAST_MATH = YES;
				ONLY_ACTIVE_ARCH = YES;
				SDKROOT = iphoneos;
				SWIFT_ACTIVE_COMPILATION_CONDITIONS = DEBUG;
				SWIFT_OPTIMIZATION_LEVEL = "-Onone";
			};
			name = Debug;
		};
		9363D77D220E4ED900129387 /* Release */ = {
			isa = XCBuildConfiguration;
			buildSettings = {
				ALWAYS_SEARCH_USER_PATHS = NO;
				CLANG_ANALYZER_NONNULL = YES;
				CLANG_ANALYZER_NUMBER_OBJECT_CONVERSION = YES_AGGRESSIVE;
				CLANG_CXX_LANGUAGE_STANDARD = "gnu++14";
				CLANG_CXX_LIBRARY = "libc++";
				CLANG_ENABLE_MODULES = YES;
				CLANG_ENABLE_OBJC_ARC = YES;
				CLANG_ENABLE_OBJC_WEAK = YES;
				CLANG_WARN_BLOCK_CAPTURE_AUTORELEASING = YES;
				CLANG_WARN_BOOL_CONVERSION = YES;
				CLANG_WARN_COMMA = YES;
				CLANG_WARN_CONSTANT_CONVERSION = YES;
				CLANG_WARN_DEPRECATED_OBJC_IMPLEMENTATIONS = YES;
				CLANG_WARN_DIRECT_OBJC_ISA_USAGE = YES_ERROR;
				CLANG_WARN_DOCUMENTATION_COMMENTS = YES;
				CLANG_WARN_EMPTY_BODY = YES;
				CLANG_WARN_ENUM_CONVERSION = YES;
				CLANG_WARN_INFINITE_RECURSION = YES;
				CLANG_WARN_INT_CONVERSION = YES;
				CLANG_WARN_NON_LITERAL_NULL_CONVERSION = YES;
				CLANG_WARN_OBJC_IMPLICIT_RETAIN_SELF = YES;
				CLANG_WARN_OBJC_LITERAL_CONVERSION = YES;
				CLANG_WARN_OBJC_ROOT_CLASS = YES_ERROR;
				CLANG_WARN_RANGE_LOOP_ANALYSIS = YES;
				CLANG_WARN_STRICT_PROTOTYPES = YES;
				CLANG_WARN_SUSPICIOUS_MOVE = YES;
				CLANG_WARN_UNGUARDED_AVAILABILITY = YES_AGGRESSIVE;
				CLANG_WARN_UNREACHABLE_CODE = YES;
				CLANG_WARN__DUPLICATE_METHOD_MATCH = YES;
				CODE_SIGN_IDENTITY = "iPhone Developer";
				COPY_PHASE_STRIP = NO;
				DEBUG_INFORMATION_FORMAT = "dwarf-with-dsym";
				ENABLE_NS_ASSERTIONS = NO;
				ENABLE_STRICT_OBJC_MSGSEND = YES;
				GCC_C_LANGUAGE_STANDARD = gnu11;
				GCC_NO_COMMON_BLOCKS = YES;
				GCC_WARN_64_TO_32_BIT_CONVERSION = YES;
				GCC_WARN_ABOUT_RETURN_TYPE = YES_ERROR;
				GCC_WARN_UNDECLARED_SELECTOR = YES;
				GCC_WARN_UNINITIALIZED_AUTOS = YES_AGGRESSIVE;
				GCC_WARN_UNUSED_FUNCTION = YES;
				GCC_WARN_UNUSED_VARIABLE = YES;
				IPHONEOS_DEPLOYMENT_TARGET = 12.1;
				MTL_ENABLE_DEBUG_INFO = NO;
				MTL_FAST_MATH = YES;
				SDKROOT = iphoneos;
				SWIFT_COMPILATION_MODE = wholemodule;
				SWIFT_OPTIMIZATION_LEVEL = "-O";
				VALIDATE_PRODUCT = YES;
			};
			name = Release;
		};
		9363D77F220E4ED900129387 /* Debug */ = {
			isa = XCBuildConfiguration;
			buildSettings = {
				ASSETCATALOG_COMPILER_APPICON_NAME = AppIcon;
				CODE_SIGN_STYLE = Automatic;
				DEVELOPMENT_TEAM = ML89Z5TSJK;
				INFOPLIST_FILE = "Trivbop Mobile/Info.plist";
				LD_RUNPATH_SEARCH_PATHS = (
					"$(inherited)",
					"@executable_path/Frameworks",
				);
				PRODUCT_BUNDLE_IDENTIFIER = "trivbop.Trivbop-Mobile";
				PRODUCT_NAME = "$(TARGET_NAME)";
				SWIFT_VERSION = 4.2;
				TARGETED_DEVICE_FAMILY = "1,2";
			};
			name = Debug;
		};
		9363D780220E4ED900129387 /* Release */ = {
			isa = XCBuildConfiguration;
			buildSettings = {
				ASSETCATALOG_COMPILER_APPICON_NAME = AppIcon;
				CODE_SIGN_STYLE = Automatic;
				DEVELOPMENT_TEAM = ML89Z5TSJK;
				INFOPLIST_FILE = "Trivbop Mobile/Info.plist";
				LD_RUNPATH_SEARCH_PATHS = (
					"$(inherited)",
					"@executable_path/Frameworks",
				);
				PRODUCT_BUNDLE_IDENTIFIER = "trivbop.Trivbop-Mobile";
				PRODUCT_NAME = "$(TARGET_NAME)";
				SWIFT_VERSION = 4.2;
				TARGETED_DEVICE_FAMILY = "1,2";
			};
			name = Release;
		};
/* End XCBuildConfiguration section */

/* Begin XCConfigurationList section */
		9363D767220E4ED800129387 /* Build configuration list for PBXProject "Trivbop Mobile" */ = {
			isa = XCConfigurationList;
			buildConfigurations = (
				9363D77C220E4ED900129387 /* Debug */,
				9363D77D220E4ED900129387 /* Release */,
			);
			defaultConfigurationIsVisible = 0;
			defaultConfigurationName = Release;
		};
		9363D77E220E4ED900129387 /* Build configuration list for PBXNativeTarget "Trivbop Mobile" */ = {
			isa = XCConfigurationList;
			buildConfigurations = (
				9363D77F220E4ED900129387 /* Debug */,
				9363D780220E4ED900129387 /* Release */,
			);
			defaultConfigurationIsVisible = 0;
			defaultConfigurationName = Release;
		};
/* End XCConfigurationList section */
	};
	rootObject = 9363D764220E4ED800129387 /* Project object */;
}
